
Microsoft Visual Studio Solution File, Format Version 12.00
# Visual Studio 15
VisualStudioVersion = 15.0.28307.645
MinimumVisualStudioVersion = 10.0.40219.1
Project("{FAE04EC0-301F-11D3-BF4B-00C04F79EFBC}") = "TestDeploy", "TestDeploy\TestDeploy.csproj", "{54CABE4E-78F7-4984-BF15-68153B9BFC59}"
EndProject
Global
	GlobalSection(SolutionConfigurationPlatforms) = preSolution
		Debug|Any CPU = Debug|Any CPU
		Release|Any CPU = Release|Any CPU
	EndGlobalSection
	GlobalSection(ProjectConfigurationPlatforms) = postSolution
		{54CABE4E-78F7-4984-BF15-68153B9BFC59}.Debug|Any CPU.ActiveCfg = Debug|Any CPU
		{54CABE4E-78F7-4984-BF15-68153B9BFC59}.Debug|Any CPU.Build.0 = Debug|Any CPU
		{54CABE4E-78F7-4984-BF15-68153B9BFC59}.Release|Any CPU.ActiveCfg = Release|Any CPU
		{54CABE4E-78F7-4984-BF15-68153B9BFC59}.Release|Any CPU.Build.0 = Release|Any CPU
	EndGlobalSection
	GlobalSection(SolutionProperties) = preSolution
		HideSolutionNode = FALSE
	EndGlobalSection
	GlobalSection(ExtensibilityGlobals) = postSolution
		SolutionGuid = {7CAFFA8D-C71E-4665-8154-2E442B4384F2}
	EndGlobalSection
EndGlobal
